// !$*UTF8*$!
{
	archiveVersion = 1;
	classes = {
	};
	objectVersion = 56;
	objects = {

/* Begin PBXBuildFile section */
		11111111111111111111111A /* Avis.swift in Sources */ = {isa = PBXBuildFile; fileRef = 11111111111111111111110A /* Avis.swift */; };
		11111111111111111111113A /* Word.swift in Sources */ = {isa = PBXBuildFile; fileRef = 11111111111111111111112B /* Word.swift */; };
		11111111111111111111114A /* ExcelService.swift in Sources */ = {isa = PBXBuildFile; fileRef = 11111111111111111111113B /* ExcelService.swift */; };
		11111111111111111111115A /* WordStore.swift in Sources */ = {isa = PBXBuildFile; fileRef = 11111111111111111111114B /* WordStore.swift */; };
		11111111111111111111116A /* WordListViewModel.swift in Sources */ = {isa = PBXBuildFile; fileRef = 11111111111111111111115B /* WordListViewModel.swift */; };
		11111111111111111111117A /* QuizViewModel.swift in Sources */ = {isa = PBXBuildFile; fileRef = 11111111111111111111116B /* QuizViewModel.swift */; };
		11111111111111111111118A /* StatsViewModel.swift in Sources */ = {isa = PBXBuildFile; fileRef = 11111111111111111111117B /* StatsViewModel.swift */; };
		11111111111111111111119A /* HomeView.swift in Sources */ = {isa = PBXBuildFile; fileRef = 11111111111111111111118B /* HomeView.swift */; };
		1111111111111111111111AA /* WordListView.swift in Sources */ = {isa = PBXBuildFile; fileRef = 11111111111111111111119B /* WordListView.swift */; };
		1111111111111111111111BA /* QuizSetupView.swift in Sources */ = {isa = PBXBuildFile; fileRef = 1111111111111111111111AB /* QuizSetupView.swift */; };
		1111111111111111111111CA /* QuizView.swift in Sources */ = {isa = PBXBuildFile; fileRef = 1111111111111111111111BB /* QuizView.swift */; };
		1111111111111111111111DA /* ResultView.swift in Sources */ = {isa = PBXBuildFile; fileRef = 1111111111111111111111CB /* ResultView.swift */; };
		1111111111111111111111EA /* StatsView.swift in Sources */ = {isa = PBXBuildFile; fileRef = 1111111111111111111111DB /* StatsView.swift */; };
		1111111111111111111111FA /* FlowLayout.swift in Sources */ = {isa = PBXBuildFile; fileRef = 1111111111111111111111EB /* FlowLayout.swift */; };
		A625C05F2F5AE30C00B16C48 /* ContentView 2.swift in Sources */ = {isa = PBXBuildFile; fileRef = A625C05E2F5AE30C00B16C48 /* ContentView 2.swift */; };
		A625C0622F5AE6FF00B16C48 /* Assets.xcassets in Resources */ = {isa = PBXBuildFile; fileRef = A625C0612F5AE6FF00B16C48 /* Assets.xcassets */; };
/* End PBXBuildFile section */

/* Begin PBXFileReference section */
		11111111111111111111110A /* Avis.swift */ = {isa = PBXFileReference; lastKnownFileType = sourcecode.swift; path = Avis.swift; sourceTree = "<group>"; };
		11111111111111111111112B /* Word.swift */ = {isa = PBXFileReference; lastKnownFileType = sourcecode.swift; path = Word.swift; sourceTree = "<group>"; };
		11111111111111111111113B /* ExcelService.swift */ = {isa = PBXFileReference; lastKnownFileType = sourcecode.swift; path = ExcelService.swift; sourceTree = "<group>"; };
		11111111111111111111114B /* WordStore.swift */ = {isa = PBXFileReference; lastKnownFileType = sourcecode.swift; path = WordStore.swift; sourceTree = "<group>"; };
		11111111111111111111115B /* WordListViewModel.swift */ = {isa = PBXFileReference; lastKnownFileType = sourcecode.swift; path = WordListViewModel.swift; sourceTree = "<group>"; };
		11111111111111111111116B /* QuizViewModel.swift */ = {isa = PBXFileReference; lastKnownFileType = sourcecode.swift; path = QuizViewModel.swift; sourceTree = "<group>"; };
		11111111111111111111117B /* StatsViewModel.swift */ = {isa = PBXFileReference; lastKnownFileType = sourcecode.swift; path = StatsViewModel.swift; sourceTree = "<group>"; };
		11111111111111111111118B /* HomeView.swift */ = {isa = PBXFileReference; lastKnownFileType = sourcecode.swift; path = HomeView.swift; sourceTree = "<group>"; };
		11111111111111111111119B /* WordListView.swift */ = {isa = PBXFileReference; lastKnownFileType = sourcecode.swift; path = WordListView.swift; sourceTree = "<group>"; };
		1111111111111111111111AB /* QuizSetupView.swift */ = {isa = PBXFileReference; lastKnownFileType = sourcecode.swift; path = QuizSetupView.swift; sourceTree = "<group>"; };
		1111111111111111111111BB /* QuizView.swift */ = {isa = PBXFileReference; lastKnownFileType = sourcecode.swift; path = QuizView.swift; sourceTree = "<group>"; };
		1111111111111111111111CB /* ResultView.swift */ = {isa = PBXFileReference; lastKnownFileType = sourcecode.swift; path = ResultView.swift; sourceTree = "<group>"; };
		1111111111111111111111DB /* StatsView.swift */ = {isa = PBXFileReference; lastKnownFileType = sourcecode.swift; path = StatsView.swift; sourceTree = "<group>"; };
		1111111111111111111111EB /* FlowLayout.swift */ = {isa = PBXFileReference; lastKnownFileType = sourcecode.swift; path = FlowLayout.swift; sourceTree = "<group>"; };
		A625C05E2F5AE30C00B16C48 /* ContentView 2.swift */ = {isa = PBXFileReference; lastKnownFileType = sourcecode.swift; path = "ContentView 2.swift"; sourceTree = "<group>"; };
		A625C0612F5AE6FF00B16C48 /* Assets.xcassets */ = {isa = PBXFileReference; lastKnownFileType = folder.assetcatalog; path = Assets.xcassets; sourceTree = "<group>"; };
		AABBCCDDEEFF00112233445 /* Avis.app */ = {isa = PBXFileReference; explicitFileType = wrapper.application; includeInIndex = 0; path = Avis.app; sourceTree = BUILT_PRODUCTS_DIR; };
/* End PBXFileReference section */

/* Begin PBXFrameworksBuildPhase section */
		AABBCCDDEEFF00112233441 /* Frameworks */ = {
			isa = PBXFrameworksBuildPhase;
			buildActionMask = 2147483647;
			files = (
			);
			runOnlyForDeploymentPostprocessing = 0;
		};
/* End PBXFrameworksBuildPhase section */

/* Begin PBXGroup section */
		AABBCCDDEEFF00112233440 = {
			isa = PBXGroup;
			children = (
				AABBCCDDEEFF001122334A0 /* Avis */,
				AABBCCDDEEFF001122334B0 /* Products */,
			);
			sourceTree = "<group>";
		};
		AABBCCDDEEFF001122334A0 /* Avis */ = {
			isa = PBXGroup;
			children = (
				11111111111111111111110A /* Avis.swift */,
				AABBCCDDEEFF001122334C0 /* Models */,
				AABBCCDDEEFF001122334D0 /* ViewModels */,
				AABBCCDDEEFF001122334E0 /* Views */,
				AABBCCDDEEFF001122334F0 /* Services */,
				A625C0612F5AE6FF00B16C48 /* Assets.xcassets */,
			);
			path = Avis;
			sourceTree = "<group>";
		};
		AABBCCDDEEFF001122334B0 /* Products */ = {
			isa = PBXGroup;
			children = (
				AABBCCDDEEFF00112233445 /* Avis.app */,
			);
			name = Products;
			sourceTree = "<group>";
		};
		AABBCCDDEEFF001122334C0 /* Models */ = {
			isa = PBXGroup;
			children = (
				11111111111111111111112B /* Word.swift */,
			);
			path = Models;
			sourceTree = "<group>";
		};
		AABBCCDDEEFF001122334D0 /* ViewModels */ = {
			isa = PBXGroup;
			children = (
				11111111111111111111115B /* WordListViewModel.swift */,
				11111111111111111111116B /* QuizViewModel.swift */,
				11111111111111111111117B /* StatsViewModel.swift */,
			);
			path = ViewModels;
			sourceTree = "<group>";
		};
		AABBCCDDEEFF001122334E0 /* Views */ = {
			isa = PBXGroup;
			children = (
				A625C05E2F5AE30C00B16C48 /* ContentView 2.swift */,
				11111111111111111111118B /* HomeView.swift */,
				11111111111111111111119B /* WordListView.swift */,
				1111111111111111111111AB /* QuizSetupView.swift */,
				1111111111111111111111BB /* QuizView.swift */,
				1111111111111111111111CB /* ResultView.swift */,
				1111111111111111111111DB /* StatsView.swift */,
				1111111111111111111111EB /* FlowLayout.swift */,
			);
			path = Views;
			sourceTree = "<group>";
		};
		AABBCCDDEEFF001122334F0 /* Services */ = {
			isa = PBXGroup;
			children = (
				11111111111111111111113B /* ExcelService.swift */,
				11111111111111111111114B /* WordStore.swift */,
			);
			path = Services;
			sourceTree = "<group>";
		};
/* End PBXGroup section */

/* Begin PBXNativeTarget section */
		AABBCCDDEEFF00112233443 /* Avis */ = {
			isa = PBXNativeTarget;
			buildConfigurationList = AABBCCDDEEFF001122334G0 /* Build configuration list for PBXNativeTarget "Avis" */;
			buildPhases = (
				AABBCCDDEEFF00112233441 /* Frameworks */,
				AABBCCDDEEFF00112233442 /* Sources */,
				AABBCCDDEEFF00112233444 /* Resources */,
			);
			buildRules = (
			);
			dependencies = (
			);
			name = Avis;
			productName = Avis;
			productReference = AABBCCDDEEFF00112233445 /* Avis.app */;
			productType = "com.apple.product-type.application";
		};
/* End PBXNativeTarget section */

/* Begin PBXProject section */
		AABBCCDDEEFF00112233446 /* Project object */ = {
			isa = PBXProject;
			attributes = {
				BuildIndependentTargetsInParallel = 1;
				LastSwiftUpdateCheck = 1500;
				LastUpgradeCheck = 2600;
				TargetAttributes = {
					AABBCCDDEEFF00112233443 = {
						CreatedOnToolsVersion = 15.0;
					};
				};
			};
			buildConfigurationList = AABBCCDDEEFF001122334H0 /* Build configuration list for PBXProject "Avis" */;
			compatibilityVersion = "Xcode 14.0";
			developmentRegion = en;
			hasScannedForEncodings = 0;
			knownRegions = (
				en,
				Base,
			);
			mainGroup = AABBCCDDEEFF00112233440;
			productRefGroup = AABBCCDDEEFF001122334B0 /* Products */;
			projectDirPath = "";
			projectRoot = "";
			targets = (
				AABBCCDDEEFF00112233443 /* Avis */,
			);
		};
/* End PBXProject section */

/* Begin PBXResourcesBuildPhase section */
		AABBCCDDEEFF00112233444 /* Resources */ = {
			isa = PBXResourcesBuildPhase;
			buildActionMask = 2147483647;
			files = (
				A625C0622F5AE6FF00B16C48 /* Assets.xcassets in Resources */,
			);
			runOnlyForDeploymentPostprocessing = 0;
		};
/* End PBXResourcesBuildPhase section */

/* Begin PBXSourcesBuildPhase section */
		AABBCCDDEEFF00112233442 /* Sources */ = {
			isa = PBXSourcesBuildPhase;
			buildActionMask = 2147483647;
			files = (
				11111111111111111111111A /* Avis.swift in Sources */,
				11111111111111111111113A /* Word.swift in Sources */,
				11111111111111111111114A /* ExcelService.swift in Sources */,
				11111111111111111111115A /* WordStore.swift in Sources */,
				11111111111111111111116A /* WordListViewModel.swift in Sources */,
				A625C05F2F5AE30C00B16C48 /* ContentView 2.swift in Sources */,
				11111111111111111111117A /* QuizViewModel.swift in Sources */,
				11111111111111111111118A /* StatsViewModel.swift in Sources */,
				11111111111111111111119A /* HomeView.swift in Sources */,
				1111111111111111111111AA /* WordListView.swift in Sources */,
				1111111111111111111111BA /* QuizSetupView.swift in Sources */,
				1111111111111111111111CA /* QuizView.swift in Sources */,
				1111111111111111111111DA /* ResultView.swift in Sources */,
				1111111111111111111111EA /* StatsView.swift in Sources */,
				1111111111111111111111FA /* FlowLayout.swift in Sources */,
			);
			runOnlyForDeploymentPostprocessing = 0;
		};
/* End PBXSourcesBuildPhase section */

/* Begin XCBuildConfiguration section */
		AABBCCDDEEFF001122334G1 /* Debug */ = {
			isa = XCBuildConfiguration;
			buildSettings = {
				ASSETCATALOG_COMPILER_APPICON_NAME = AppIcon;
				ASSETCATALOG_COMPILER_GLOBAL_ACCENT_COLOR_NAME = AccentColor;
				CODE_SIGN_IDENTITY = "Apple Development";
				CODE_SIGN_STYLE = Automatic;
				CURRENT_PROJECT_VERSION = 1;
				DEVELOPMENT_ASSET_PATHS = "";
				ENABLE_PREVIEWS = YES;
				GENERATE_INFOPLIST_FILE = YES;
				INFOPLIST_KEY_UIApplicationSceneManifest_Generation = YES;
				INFOPLIST_KEY_UIApplicationSupportsIndirectInputEvents = YES;
				INFOPLIST_KEY_UILaunchScreen_Generation = YES;
				INFOPLIST_KEY_UISupportedInterfaceOrientations_iPad = "UIInterfaceOrientationPortrait UIInterfaceOrientationPortraitUpsideDown UIInterfaceOrientationLandscapeLeft UIInterfaceOrientationLandscapeRight";
				INFOPLIST_KEY_UISupportedInterfaceOrientations_iPhone = "UIInterfaceOrientationPortrait UIInterfaceOrientationLandscapeLeft UIInterfaceOrientationLandscapeRight";
				IPHONEOS_DEPLOYMENT_TARGET = 17.0;
				LD_RUNPATH_SEARCH_PATHS = (
					"$(inherited)",
					"@executable_path/Frameworks",
				);
				MARKETING_VERSION = 1.0;
				PRODUCT_BUNDLE_IDENTIFIER = com.avis.app;
				PRODUCT_NAME = "$(TARGET_NAME)";
				PROVISIONING_PROFILE_SPECIFIER = "";
				SWIFT_EMIT_LOC_STRINGS = YES;
				SWIFT_VERSION = 5.0;
				TARGETED_DEVICE_FAMILY = "1,2";
			};
			name = Debug;
		};
		AABBCCDDEEFF001122334G2 /* Release */ = {
			isa = XCBuildConfiguration;
			buildSettings = {
				ASSETCATALOG_COMPILER_APPICON_NAME = AppIcon;
				ASSETCATALOG_COMPILER_GLOBAL_ACCENT_COLOR_NAME = AccentColor;
				CODE_SIGN_IDENTITY = "Apple Development";
				CODE_SIGN_STYLE = Automatic;
				CURRENT_PROJECT_VERSION = 1;
				DEVELOPMENT_ASSET_PATHS = "";
				ENABLE_PREVIEWS = YES;
				GENERATE_INFOPLIST_FILE = YES;
				INFOPLIST_KEY_UIApplicationSceneManifest_Generation = YES;
				INFOPLIST_KEY_UIApplicationSupportsIndirectInputEvents = YES;
				INFOPLIST_KEY_UILaunchScreen_Generation = YES;
				INFOPLIST_KEY_UISupportedInterfaceOrientations_iPad = "UIInterfaceOrientationPortrait UIInterfaceOrientationPortraitUpsideDown UIInterfaceOrientationLandscapeLeft UIInterfaceOrientationLandscapeRight";
				INFOPLIST_KEY_UISupportedInterfaceOrientations_iPhone = "UIInterfaceOrientationPortrait UIInterfaceOrientationLandscapeLeft UIInterfaceOrientationLandscapeRight";
				IPHONEOS_DEPLOYMENT_TARGET = 17.0;
				LD_RUNPATH_SEARCH_PATHS = (
					"$(inherited)",
					"@executable_path/Frameworks",
				);
				MARKETING_VERSION = 1.0;
				PRODUCT_BUNDLE_IDENTIFIER = com.avis.app;
				PRODUCT_NAME = "$(TARGET_NAME)";
				PROVISIONING_PROFILE_SPECIFIER = "";
				SWIFT_EMIT_LOC_STRINGS = YES;
				SWIFT_VERSION = 5.0;
				TARGETED_DEVICE_FAMILY = "1,2";
			};
			name = Release;
		};
		AABBCCDDEEFF001122334H1 /* Debug */ = {
			isa = XCBuildConfiguration;
			buildSettings = {
				ALWAYS_SEARCH_USER_PATHS = NO;
				CLANG_ANALYZER_NONNULL = YES;
				CLANG_ANALYZER_NUMBER_OBJECT_CONVERSION = YES_AGGRESSIVE;
				CLANG_CXX_LANGUAGE_STANDARD = "gnu++20";
				CLANG_ENABLE_MODULES = YES;
				CLANG_ENABLE_OBJC_ARC = YES;
				CLANG_ENABLE_OBJC_WEAK = YES;
				CLANG_WARN_BLOCK_CAPTURE_AUTORELEASING = YES;
				CLANG_WARN_BOOL_CONVERSION = YES;
				CLANG_WARN_COMMA = YES;
				CLANG_WARN_CONSTANT_CONVERSION = YES;
				CLANG_WARN_DEPRECATED_OBJC_IMPLEMENTATIONS = YES;
				CLANG_WARN_DIRECT_OBJC_ISA_USAGE = YES_ERROR;
				CLANG_WARN_DOCUMENTATION_COMMENTS = YES;
				CLANG_WARN_EMPTY_BODY = YES;
				CLANG_WARN_ENUM_CONVERSION = YES;
				CLANG_WARN_INFINITE_RECURSION = YES;
				CLANG_WARN_INT_CONVERSION = YES;
				CLANG_WARN_NON_LITERAL_NULL_CONVERSION = YES;
				CLANG_WARN_OBJC_IMPLICIT_RETAIN_CYCLES = YES;
				CLANG_WARN_OBJC_IMPLICIT_RETAIN_SELF = YES;
				CLANG_WARN_OBJC_LITERAL_CONVERSION = YES;
				CLANG_WARN_OBJC_ROOT_CLASS = YES_ERROR;
				CLANG_WARN_QUOTED_INCLUDE_IN_FRAMEWORK_HEADER = YES;
				CLANG_WARN_RANGE_LOOP_ANALYSIS = YES;
				CLANG_WARN_STRICT_PROTOTYPES = YES;
				CLANG_WARN_SUSPICIOUS_MOVE = YES;
				CLANG_WARN_UNGUARDED_AVAILABILITY = YES_AGGRESSIVE;
				CLANG_WARN_UNREACHABLE_CODE = YES;
				CLANG_WARN__DUPLICATE_METHOD_MATCH = YES;
				COPY_PHASE_STRIP = NO;
				DEBUG_INFORMATION_FORMAT = dwarf;
				DEVELOPMENT_TEAM = Q73XJRUD5U;
				ENABLE_STRICT_OBJC_MSGSEND = YES;
				ENABLE_TESTABILITY = YES;
				ENABLE_USER_SCRIPT_SANDBOXING = YES;
				GCC_C_LANGUAGE_STANDARD = gnu17;
				GCC_DYNAMIC_NO_PIC = NO;
				GCC_NO_COMMON_BLOCKS = YES;
				GCC_OPTIMIZATION_LEVEL = 0;
				GCC_PREPROCESSOR_DEFINITIONS = (
					"DEBUG=1",
					"$(inherited)",
				);
				GCC_WARN_64_TO_32_BIT_CONVERSION = YES;
				GCC_WARN_ABOUT_RETURN_TYPE = YES_ERROR;
				GCC_WARN_UNDECLARED_SELECTOR = YES;
				GCC_WARN_UNINITIALIZED_AUTOS = YES_AGGRESSIVE;
				GCC_WARN_UNUSED_FUNCTION = YES;
				GCC_WARN_UNUSED_VARIABLE = YES;
				IPHONEOS_DEPLOYMENT_TARGET = 17.0;
				MTL_ENABLE_DEBUG_INFO = INCLUDE_SOURCE;
				MTL_FAST_MATH = YES;
				ONLY_ACTIVE_ARCH = YES;
				SDKROOT = iphoneos;
				STRING_CATALOG_GENERATE_SYMBOLS = YES;
				SWIFT_ACTIVE_COMPILATION_CONDITIONS = DEBUG;
				SWIFT_OPTIMIZATION_LEVEL = "-Onone";
			};
			name = Debug;
		};
		AABBCCDDEEFF001122334H2 /* Release */ = {
			isa = XCBuildConfiguration;
			buildSettings = {
				ALWAYS_SEARCH_USER_PATHS = NO;
				CLANG_ANALYZER_NONNULL = YES;
				CLANG_ANALYZER_NUMBER_OBJECT_CONVERSION = YES_AGGRESSIVE;
				CLANG_CXX_LANGUAGE_STANDARD = "gnu++20";
				CLANG_ENABLE_MODULES = YES;
				CLANG_ENABLE_OBJC_ARC = YES;
				CLANG_ENABLE_OBJC_WEAK = YES;
				CLANG_WARN_BLOCK_CAPTURE_AUTORELEASING = YES;
				CLANG_WARN_BOOL_CONVERSION = YES;
				CLANG_WARN_COMMA = YES;
				CLANG_WARN_CONSTANT_CONVERSION = YES;
				CLANG_WARN_DEPRECATED_OBJC_IMPLEMENTATIONS = YES;
				CLANG_WARN_DIRECT_OBJC_ISA_USAGE = YES_ERROR;
				CLANG_WARN_DOCUMENTATION_COMMENTS = YES;
				CLANG_WARN_EMPTY_BODY = YES;
				CLANG_WARN_ENUM_CONVERSION = YES;
				CLANG_WARN_INFINITE_RECURSION = YES;
				CLANG_WARN_INT_CONVERSION = YES;
				CLANG_WARN_NON_LITERAL_NULL_CONVERSION = YES;
				CLANG_WARN_OBJC_IMPLICIT_RETAIN_CYCLES = YES;
				CLANG_WARN_OBJC_IMPLICIT_RETAIN_SELF = YES;
				CLANG_WARN_OBJC_LITERAL_CONVERSION = YES;
				CLANG_WARN_OBJC_ROOT_CLASS = YES_ERROR;
				CLANG_WARN_QUOTED_INCLUDE_IN_FRAMEWORK_HEADER = YES;
				CLANG_WARN_RANGE_LOOP_ANALYSIS = YES;
				CLANG_WARN_STRICT_PROTOTYPES = YES;
				CLANG_WARN_SUSPICIOUS_MOVE = YES;
				CLANG_WARN_UNGUARDED_AVAILABILITY = YES_AGGRESSIVE;
				CLANG_WARN_UNREACHABLE_CODE = YES;
				CLANG_WARN__DUPLICATE_METHOD_MATCH = YES;
				COPY_PHASE_STRIP = NO;
				DEBUG_INFORMATION_FORMAT = "dwarf-with-dsym";
				DEVELOPMENT_TEAM = Q73XJRUD5U;
				ENABLE_NS_ASSERTIONS = NO;
				ENABLE_STRICT_OBJC_MSGSEND = YES;
				ENABLE_USER_SCRIPT_SANDBOXING = YES;
				GCC_C_LANGUAGE_STANDARD = gnu17;
				GCC_NO_COMMON_BLOCKS = YES;
				GCC_WARN_64_TO_32_BIT_CONVERSION = YES;
				GCC_WARN_ABOUT_RETURN_TYPE = YES_ERROR;
				GCC_WARN_UNDECLARED_SELECTOR = YES;
				GCC_WARN_UNINITIALIZED_AUTOS = YES_AGGRESSIVE;
				GCC_WARN_UNUSED_FUNCTION = YES;
				GCC_WARN_UNUSED_VARIABLE = YES;
				IPHONEOS_DEPLOYMENT_TARGET = 17.0;
				MTL_ENABLE_DEBUG_INFO = NO;
				MTL_FAST_MATH = YES;
				SDKROOT = iphoneos;
				STRING_CATALOG_GENERATE_SYMBOLS = YES;
				SWIFT_COMPILATION_MODE = wholemodule;
				SWIFT_OPTIMIZATION_LEVEL = "-O";
				VALIDATE_PRODUCT = YES;
			};
			name = Release;
		};
/* End XCBuildConfiguration section */

/* Begin XCConfigurationList section */
		AABBCCDDEEFF001122334G0 /* Build configuration list for PBXNativeTarget "Avis" */ = {
			isa = XCConfigurationList;
			buildConfigurations = (
				AABBCCDDEEFF001122334G1 /* Debug */,
				AABBCCDDEEFF001122334G2 /* Release */,
			);
			defaultConfigurationIsVisible = 0;
			defaultConfigurationName = Release;
		};
		AABBCCDDEEFF001122334H0 /* Build configuration list for PBXProject "Avis" */ = {
			isa = XCConfigurationList;
			buildConfigurations = (
				AABBCCDDEEFF001122334H1 /* Debug */,
				AABBCCDDEEFF001122334H2 /* Release */,
			);
			defaultConfigurationIsVisible = 0;
			defaultConfigurationName = Release;
		};
/* End XCConfigurationList section */
	};
	rootObject = AABBCCDDEEFF00112233446 /* Project object */;
}
